{
  "name": "microvm-smoke",
  "lockfileVersion": 3,
  "requires": true,
  "packages": {
    "": {
      "name": "microvm-smoke",
      "dependencies": {
        "microsandbox": "0.7.2"
      }
    },
    "node_modules/@microsandbox/types": {
      "version": "0.7.2",
      "resolved": "https://registry.npmjs.org/@microsandbox/types/-/types-0.7.2.tgz",
      "integrity": "sha512-K02/NyT4VaC14fXUlC6cC3qBYHMzfkhTEibOzJMh7P99wlbA+SxungRpZqPAm4tOzmClZEoBlC8es52Y7ipUtQ==",
      "license": "Apache-2.0"
    },
    "node_modules/@superradcompany/microsandbox-darwin-arm64": {
      "version": "0.7.2",
      "resolved": "https://registry.npmjs.org/@superradcompany/microsandbox-darwin-arm64/-/microsandbox-darwin-arm64-0.7.2.tgz",
      "integrity": "sha512-i6XkuEaWM0IPGK9pWg4CGegxQ3pFrobLLc7C3C4ImjMdAwCUOzYCAqKQUcsuKQmIJixbWRVpIccQOJe/sYkexA==",
      "cpu": [
        "arm64"
      ],
      "license": "Apache-2.0",
      "optional": true,
      "os": [
        "darwin"
      ],
      "engines": {
        "node": ">= 22"
      }
    },
    "node_modules/@superradcompany/microsandbox-linux-arm64-gnu": {
      "version": "0.7.2",
      "resolved": "https://registry.npmjs.org/@superradcompany/microsandbox-linux-arm64-gnu/-/microsandbox-linux-arm64-gnu-0.7.2.tgz",
      "integrity": "sha512-gU15ar5FtNXfQGiKktdgJdkba5dW5+yDv7gx38sD6QrgqhSOgVsC17yvrPOD+AAdBbj6GTntlbL3ENn/rx7MKQ==",
      "cpu": [
        "arm64"
      ],
      "license": "Apache-2.0",
      "optional": true,
      "os": [
        "linux"
      ],
      "engines": {
        "node": ">= 22"
      }
    },
    "node_modules/@superradcompany/microsandbox-linux-x64-gnu": {
      "version": "0.7.2",
      "resolved": "https://registry.npmjs.org/@superradcompany/microsandbox-linux-x64-gnu/-/microsandbox-linux-x64-gnu-0.7.2.tgz",
      "integrity": "sha512-5gmMDYjyGXtx+13rWKeI0/f6x7ecDg6aMFVCupgr23IQODQLuGsbvn70LyXUrT0bOlYhle6i4uum2+AwVKTU8Q==",
      "cpu": [
        "x64"
      ],
      "license": "Apache-2.0",
      "optional": true,
      "os": [
        "linux"
      ],
      "engines": {
        "node": ">= 22"
      }
    },
    "node_modules/@superradcompany/microsandbox-win32-arm64-msvc": {
      "version": "0.7.2",
      "resolved": "https://registry.npmjs.org/@superradcompany/microsandbox-win32-arm64-msvc/-/microsandbox-win32-arm64-msvc-0.7.2.tgz",
      "integrity": "sha512-Vhn6POQS6MKuSnthhOHppt8FAS9Lb2TqPr59q/NtBk2AXC4uK5tiUwKQCA/H7E1irzE8YHhT/rvMHufHkYXo7A==",
      "cpu": [
        "arm64"
      ],
      "license": "Apache-2.0",
      "optional": true,
      "os": [
        "win32"
      ],
      "engines": {
        "node": ">= 22"
      }
    },
    "node_modules/@superradcompany/microsandbox-win32-x64-msvc": {
      "version": "0.7.2",
      "resolved": "https://registry.npmjs.org/@superradcompany/microsandbox-win32-x64-msvc/-/microsandbox-win32-x64-msvc-0.7.2.tgz",
      "integrity": "sha512-B33UPd8Tfk+Q7r1w+QmDmwO3e16x7n0wr2c+ynssJRxjoD4llLF+LBN2WeseTtEb32IuOM+nVgeFAFuyL7q4Mg==",
      "cpu": [
        "x64"
      ],
      "license": "Apache-2.0",
      "optional": true,
      "os": [
        "win32"
      ],
      "engines": {
        "node": ">= 22"
      }
    },
    "node_modules/microsandbox": {
      "version": "0.7.2",
      "resolved": "https://registry.npmjs.org/microsandbox/-/microsandbox-0.7.2.tgz",
      "integrity": "sha512-SKrNTnnOzhLofhDRQAXmXeO5QEkBYzK9e0o+B8WD5FkIONjGks/y/GVcupdsFzZVJXNsusMAfImSFbBzL5E0xw==",
      "license": "Apache-2.0",
      "workspaces": [
        "../../packages/microsandbox-types/typescript"
      ],
      "dependencies": {
        "@microsandbox/types": "0.7.2"
      },
      "bin": {
        "microsandbox": "bin/microsandbox.cjs",
        "msb": "bin/microsandbox.cjs"
      },
      "engines": {
        "node": ">= 22"
      },
      "optionalDependencies": {
        "@superradcompany/microsandbox-darwin-arm64": "0.7.2",
        "@superradcompany/microsandbox-linux-arm64-gnu": "0.7.2",
        "@superradcompany/microsandbox-linux-x64-gnu": "0.7.2",
        "@superradcompany/microsandbox-win32-arm64-msvc": "0.7.2",
        "@superradcompany/microsandbox-win32-x64-msvc": "0.7.2"
      }
    }
  }
}
